
Microsoft Visual Studio Solution File, Format Version 12.00
# Visual Studio Version 17
VisualStudioVersion = 17.2.32616.157
MinimumVisualStudioVersion = 10.0.40219.1
Project("{FAE04EC0-301F-11D3-BF4B-00C04F79EFBC}") = "SneakersCollection.Api", "SneakersCollectionApi\SneakersCollection.Api.csproj", "{7E1DBAE8-F950-47EE-B91B-ACFF44E0EB43}"
EndProject
Project("{FAE04EC0-301F-11D3-BF4B-00C04F79EFBC}") = "SneakersCollection.Domain", "SneakersCollection.Domain\SneakersCollection.Domain.csproj", "{5941DBBC-4F86-4E32-A209-94763070979C}"
EndProject
Project("{FAE04EC0-301F-11D3-BF4B-00C04F79EFBC}") = "SneakersCollection.Data", "SneakersCollection.Data\SneakersCollection.Data.csproj", "{CCBC4400-8C7C-4284-94AB-6BED55C14935}"
EndProject
Project("{FAE04EC0-301F-11D3-BF4B-00C04F79EFBC}") = "SneakersCollection.Tests", "SneakersCollection.Tests\SneakersCollection.Tests.csproj", "{250848FA-7837-4EEE-9977-06B693C4E1F9}"
EndProject
Project("{FAE04EC0-301F-11D3-BF4B-00C04F79EFBC}") = "SneakersCollection.Application", "SneakersCollection.Application\SneakersCollection.Application.csproj", "{1890431A-9882-408D-B432-0F212AA6E5A7}"
EndProject
Project("{FAE04EC0-301F-11D3-BF4B-00C04F79EFBC}") = "SneakersCollection.IdentityServer", "SneakersCollection.IdentityServer\SneakersCollection.IdentityServer.csproj", "{69995412-415F-4B73-AC91-87F125B7016C}"
EndProject
Global
	GlobalSection(SolutionConfigurationPlatforms) = preSolution
		Debug|Any CPU = Debug|Any CPU
		Release|Any CPU = Release|Any CPU
	EndGlobalSection
	GlobalSection(ProjectConfigurationPlatforms) = postSolution
		{7E1DBAE8-F950-47EE-B91B-ACFF44E0EB43}.Debug|Any CPU.ActiveCfg = Debug|Any CPU
		{7E1DBAE8-F950-47EE-B91B-ACFF44E0EB43}.Debug|Any CPU.Build.0 = Debug|Any CPU
		{7E1DBAE8-F950-47EE-B91B-ACFF44E0EB43}.Release|Any CPU.ActiveCfg = Release|Any CPU
		{7E1DBAE8-F950-47EE-B91B-ACFF44E0EB43}.Release|Any CPU.Build.0 = Release|Any CPU
		{5941DBBC-4F86-4E32-A209-94763070979C}.Debug|Any CPU.ActiveCfg = Debug|Any CPU
		{5941DBBC-4F86-4E32-A209-94763070979C}.Debug|Any CPU.Build.0 = Debug|Any CPU
		{5941DBBC-4F86-4E32-A209-94763070979C}.Release|Any CPU.ActiveCfg = Release|Any CPU
		{5941DBBC-4F86-4E32-A209-94763070979C}.Release|Any CPU.Build.0 = Release|Any CPU
		{CCBC4400-8C7C-4284-94AB-6BED55C14935}.Debug|Any CPU.ActiveCfg = Debug|Any CPU
		{CCBC4400-8C7C-4284-94AB-6BED55C14935}.Debug|Any CPU.Build.0 = Debug|Any CPU
		{CCBC4400-8C7C-4284-94AB-6BED55C14935}.Release|Any CPU.ActiveCfg = Release|Any CPU
		{CCBC4400-8C7C-4284-94AB-6BED55C14935}.Release|Any CPU.Build.0 = Release|Any CPU
		{250848FA-7837-4EEE-9977-06B693C4E1F9}.Debug|Any CPU.ActiveCfg = Debug|Any CPU
		{250848FA-7837-4EEE-9977-06B693C4E1F9}.Debug|Any CPU.Build.0 = Debug|Any CPU
		{250848FA-7837-4EEE-9977-06B693C4E1F9}.Release|Any CPU.ActiveCfg = Release|Any CPU
		{250848FA-7837-4EEE-9977-06B693C4E1F9}.Release|Any CPU.Build.0 = Release|Any CPU
		{1890431A-9882-408D-B432-0F212AA6E5A7}.Debug|Any CPU.ActiveCfg = Debug|Any CPU
		{1890431A-9882-408D-B432-0F212AA6E5A7}.Debug|Any CPU.Build.0 = Debug|Any CPU
		{1890431A-9882-408D-B432-0F212AA6E5A7}.Release|Any CPU.ActiveCfg = Release|Any CPU
		{1890431A-9882-408D-B432-0F212AA6E5A7}.Release|Any CPU.Build.0 = Release|Any CPU
		{69995412-415F-4B73-AC91-87F125B7016C}.Debug|Any CPU.ActiveCfg = Debug|Any CPU
		{69995412-415F-4B73-AC91-87F125B7016C}.Debug|Any CPU.Build.0 = Debug|Any CPU
		{69995412-415F-4B73-AC91-87F125B7016C}.Release|Any CPU.ActiveCfg = Release|Any CPU
		{69995412-415F-4B73-AC91-87F125B7016C}.Release|Any CPU.Build.0 = Release|Any CPU
	EndGlobalSection
	GlobalSection(SolutionProperties) = preSolution
		HideSolutionNode = FALSE
	EndGlobalSection
	GlobalSection(ExtensibilityGlobals) = postSolution
		SolutionGuid = {1E580460-2A85-450C-8726-5E01D4D2B208}
	EndGlobalSection
EndGlobal
